// !$*UTF8*$!
{
	archiveVersion = 1;
	classes = {
	};
	objectVersion = 50;
	objects = {

/* Begin PBXBuildFile section */
		F92260D123E81FAF0006F181 /* AppDelegate.swift in Sources */ = {isa = PBXBuildFile; fileRef = F92260D023E81FAF0006F181 /* AppDelegate.swift */; };
		F92260D323E81FAF0006F181 /* SceneDelegate.swift in Sources */ = {isa = PBXBuildFile; fileRef = F92260D223E81FAF0006F181 /* SceneDelegate.swift */; };
		F92260D523E81FAF0006F181 /* WeatherVC.swift in Sources */ = {isa = PBXBuildFile; fileRef = F92260D423E81FAF0006F181 /* WeatherVC.swift */; };
		F92260D823E81FAF0006F181 /* Main.storyboard in Resources */ = {isa = PBXBuildFile; fileRef = F92260D623E81FAF0006F181 /* Main.storyboard */; };
		F92260DA23E81FB10006F181 /* Assets.xcassets in Resources */ = {isa = PBXBuildFile; fileRef = F92260D923E81FB10006F181 /* Assets.xcassets */; };
		F92260DD23E81FB10006F181 /* LaunchScreen.storyboard in Resources */ = {isa = PBXBuildFile; fileRef = F92260DB23E81FB10006F181 /* LaunchScreen.storyboard */; };
		F92260E523E822B50006F181 /* CurrentWeather.swift in Sources */ = {isa = PBXBuildFile; fileRef = F92260E423E822B50006F181 /* CurrentWeather.swift */; };
		F92260E923E839600006F181 /* Location.swift in Sources */ = {isa = PBXBuildFile; fileRef = F92260E823E839600006F181 /* Location.swift */; };
		F92260EB23E86EA30006F181 /* Date+Ext.swift in Sources */ = {isa = PBXBuildFile; fileRef = F92260EA23E86EA30006F181 /* Date+Ext.swift */; };
		F92260EF23E88E510006F181 /* NetworkManager.swift in Sources */ = {isa = PBXBuildFile; fileRef = F92260EE23E88E510006F181 /* NetworkManager.swift */; };
		F92260F123E891980006F181 /* WeatherError.swift in Sources */ = {isa = PBXBuildFile; fileRef = F92260F023E891980006F181 /* WeatherError.swift */; };
		F945489423E8606300E57554 /* Forecast.swift in Sources */ = {isa = PBXBuildFile; fileRef = F945489323E8606300E57554 /* Forecast.swift */; };
		F9D0E54623F1CC4E00E01E4C /* UIViewController+Ext.swift in Sources */ = {isa = PBXBuildFile; fileRef = F9D0E54523F1CC4E00E01E4C /* UIViewController+Ext.swift */; };
		F9F4454B23E8B02A00349641 /* ForecastCell.swift in Sources */ = {isa = PBXBuildFile; fileRef = F9F4454A23E8B02A00349641 /* ForecastCell.swift */; };
/* End PBXBuildFile section */

/* Begin PBXFileReference section */
		F92260CD23E81FAF0006F181 /* WeatherApp.app */ = {isa = PBXFileReference; explicitFileType = wrapper.application; includeInIndex = 0; path = WeatherApp.app; sourceTree = BUILT_PRODUCTS_DIR; };
		F92260D023E81FAF0006F181 /* AppDelegate.swift */ = {isa = PBXFileReference; lastKnownFileType = sourcecode.swift; path = AppDelegate.swift; sourceTree = "<group>"; };
		F92260D223E81FAF0006F181 /* SceneDelegate.swift */ = {isa = PBXFileReference; lastKnownFileType = sourcecode.swift; path = SceneDelegate.swift; sourceTree = "<group>"; };
		F92260D423E81FAF0006F181 /* WeatherVC.swift */ = {isa = PBXFileReference; lastKnownFileType = sourcecode.swift; path = WeatherVC.swift; sourceTree = "<group>"; };
		F92260D723E81FAF0006F181 /* Base */ = {isa = PBXFileReference; lastKnownFileType = file.storyboard; name = Base; path = Base.lproj/Main.storyboard; sourceTree = "<group>"; };
		F92260D923E81FB10006F181 /* Assets.xcassets */ = {isa = PBXFileReference; lastKnownFileType = folder.assetcatalog; path = Assets.xcassets; sourceTree = "<group>"; };
		F92260DC23E81FB10006F181 /* Base */ = {isa = PBXFileReference; lastKnownFileType = file.storyboard; name = Base; path = Base.lproj/LaunchScreen.storyboard; sourceTree = "<group>"; };
		F92260DE23E81FB10006F181 /* Info.plist */ = {isa = PBXFileReference; lastKnownFileType = text.plist.xml; path = Info.plist; sourceTree = "<group>"; };
		F92260E423E822B50006F181 /* CurrentWeather.swift */ = {isa = PBXFileReference; lastKnownFileType = sourcecode.swift; path = CurrentWeather.swift; sourceTree = "<group>"; };
		F92260E823E839600006F181 /* Location.swift */ = {isa = PBXFileReference; lastKnownFileType = sourcecode.swift; path = Location.swift; sourceTree = "<group>"; };
		F92260EA23E86EA30006F181 /* Date+Ext.swift */ = {isa = PBXFileReference; lastKnownFileType = sourcecode.swift; path = "Date+Ext.swift"; sourceTree = "<group>"; };
		F92260EE23E88E510006F181 /* NetworkManager.swift */ = {isa = PBXFileReference; lastKnownFileType = sourcecode.swift; path = NetworkManager.swift; sourceTree = "<group>"; };
		F92260F023E891980006F181 /* WeatherError.swift */ = {isa = PBXFileReference; lastKnownFileType = sourcecode.swift; path = WeatherError.swift; sourceTree = "<group>"; };
		F945489323E8606300E57554 /* Forecast.swift */ = {isa = PBXFileReference; lastKnownFileType = sourcecode.swift; path = Forecast.swift; sourceTree = "<group>"; };
		F9D0E54523F1CC4E00E01E4C /* UIViewController+Ext.swift */ = {isa = PBXFileReference; lastKnownFileType = sourcecode.swift; path = "UIViewController+Ext.swift"; sourceTree = "<group>"; };
		F9F4454A23E8B02A00349641 /* ForecastCell.swift */ = {isa = PBXFileReference; lastKnownFileType = sourcecode.swift; path = ForecastCell.swift; sourceTree = "<group>"; };
/* End PBXFileReference section */

/* Begin PBXFrameworksBuildPhase section */
		F92260CA23E81FAF0006F181 /* Frameworks */ = {
			isa = PBXFrameworksBuildPhase;
			buildActionMask = 2147483647;
			files = (
			);
			runOnlyForDeploymentPostprocessing = 0;
		};
/* End PBXFrameworksBuildPhase section */

/* Begin PBXGroup section */
		F92260C423E81FAF0006F181 = {
			isa = PBXGroup;
			children = (
				F92260CF23E81FAF0006F181 /* WeatherApp */,
				F92260CE23E81FAF0006F181 /* Products */,
			);
			sourceTree = "<group>";
		};
		F92260CE23E81FAF0006F181 /* Products */ = {
			isa = PBXGroup;
			children = (
				F92260CD23E81FAF0006F181 /* WeatherApp.app */,
			);
			name = Products;
			sourceTree = "<group>";
		};
		F92260CF23E81FAF0006F181 /* WeatherApp */ = {
			isa = PBXGroup;
			children = (
				F9E9F23923EF379400D6468F /* Utilities */,
				F9E9F23623EF364B00D6468F /* Managers */,
				F9E9F23723EF375B00D6468F /* View Controllers */,
				F9E9F23A23EF37A500D6468F /* Custom Views */,
				F9E9F23823EF376E00D6468F /* Model */,
				F9E9F23B23EF37CA00D6468F /* Extensions */,
				F9E9F23C23EF37E300D6468F /* Support */,
				F92260D623E81FAF0006F181 /* Main.storyboard */,
				F92260DB23E81FB10006F181 /* LaunchScreen.storyboard */,
				F92260DE23E81FB10006F181 /* Info.plist */,
			);
			path = WeatherApp;
			sourceTree = "<group>";
		};
		F9E9F23623EF364B00D6468F /* Managers */ = {
			isa = PBXGroup;
			children = (
				F92260EE23E88E510006F181 /* NetworkManager.swift */,
				F92260E823E839600006F181 /* Location.swift */,
			);
			path = Managers;
			sourceTree = "<group>";
		};
		F9E9F23723EF375B00D6468F /* View Controllers */ = {
			isa = PBXGroup;
			children = (
				F92260D423E81FAF0006F181 /* WeatherVC.swift */,
			);
			path = "View Controllers";
			sourceTree = "<group>";
		};
		F9E9F23823EF376E00D6468F /* Model */ = {
			isa = PBXGroup;
			children = (
				F92260E423E822B50006F181 /* CurrentWeather.swift */,
				F945489323E8606300E57554 /* Forecast.swift */,
			);
			path = Model;
			sourceTree = "<group>";
		};
		F9E9F23923EF379400D6468F /* Utilities */ = {
			isa = PBXGroup;
			children = (
				F92260F023E891980006F181 /* WeatherError.swift */,
			);
			path = Utilities;
			sourceTree = "<group>";
		};
		F9E9F23A23EF37A500D6468F /* Custom Views */ = {
			isa = PBXGroup;
			children = (
				F9F4454A23E8B02A00349641 /* ForecastCell.swift */,
			);
			path = "Custom Views";
			sourceTree = "<group>";
		};
		F9E9F23B23EF37CA00D6468F /* Extensions */ = {
			isa = PBXGroup;
			children = (
				F92260EA23E86EA30006F181 /* Date+Ext.swift */,
				F9D0E54523F1CC4E00E01E4C /* UIViewController+Ext.swift */,
			);
			path = Extensions;
			sourceTree = "<group>";
		};
		F9E9F23C23EF37E300D6468F /* Support */ = {
			isa = PBXGroup;
			children = (
				F92260D023E81FAF0006F181 /* AppDelegate.swift */,
				F92260D223E81FAF0006F181 /* SceneDelegate.swift */,
				F92260D923E81FB10006F181 /* Assets.xcassets */,
			);
			path = Support;
			sourceTree = "<group>";
		};
/* End PBXGroup section */

/* Begin PBXNativeTarget section */
		F92260CC23E81FAF0006F181 /* WeatherApp */ = {
			isa = PBXNativeTarget;
			buildConfigurationList = F92260E123E81FB10006F181 /* Build configuration list for PBXNativeTarget "WeatherApp" */;
			buildPhases = (
				F92260C923E81FAF0006F181 /* Sources */,
				F92260CA23E81FAF0006F181 /* Frameworks */,
				F92260CB23E81FAF0006F181 /* Resources */,
			);
			buildRules = (
			);
			dependencies = (
			);
			name = WeatherApp;
			productName = WeatherApp;
			productReference = F92260CD23E81FAF0006F181 /* WeatherApp.app */;
			productType = "com.apple.product-type.application";
		};
/* End PBXNativeTarget section */

/* Begin PBXProject section */
		F92260C523E81FAF0006F181 /* Project object */ = {
			isa = PBXProject;
			attributes = {
				LastSwiftUpdateCheck = 1120;
				LastUpgradeCheck = 1120;
				ORGANIZATIONNAME = "Zalzstein, Ziv";
				TargetAttributes = {
					F92260CC23E81FAF0006F181 = {
						CreatedOnToolsVersion = 11.2.1;
					};
				};
			};
			buildConfigurationList = F92260C823E81FAF0006F181 /* Build configuration list for PBXProject "WeatherApp" */;
			compatibilityVersion = "Xcode 9.3";
			developmentRegion = en;
			hasScannedForEncodings = 0;
			knownRegions = (
				en,
				Base,
			);
			mainGroup = F92260C423E81FAF0006F181;
			productRefGroup = F92260CE23E81FAF0006F181 /* Products */;
			projectDirPath = "";
			projectRoot = "";
			targets = (
				F92260CC23E81FAF0006F181 /* WeatherApp */,
			);
		};
/* End PBXProject section */

/* Begin PBXResourcesBuildPhase section */
		F92260CB23E81FAF0006F181 /* Resources */ = {
			isa = PBXResourcesBuildPhase;
			buildActionMask = 2147483647;
			files = (
				F92260DD23E81FB10006F181 /* LaunchScreen.storyboard in Resources */,
				F92260DA23E81FB10006F181 /* Assets.xcassets in Resources */,
				F92260D823E81FAF0006F181 /* Main.storyboard in Resources */,
			);
			runOnlyForDeploymentPostprocessing = 0;
		};
/* End PBXResourcesBuildPhase section */

/* Begin PBXSourcesBuildPhase section */
		F92260C923E81FAF0006F181 /* Sources */ = {
			isa = PBXSourcesBuildPhase;
			buildActionMask = 2147483647;
			files = (
				F9D0E54623F1CC4E00E01E4C /* UIViewController+Ext.swift in Sources */,
				F92260EF23E88E510006F181 /* NetworkManager.swift in Sources */,
				F92260D523E81FAF0006F181 /* WeatherVC.swift in Sources */,
				F945489423E8606300E57554 /* Forecast.swift in Sources */,
				F92260EB23E86EA30006F181 /* Date+Ext.swift in Sources */,
				F9F4454B23E8B02A00349641 /* ForecastCell.swift in Sources */,
				F92260F123E891980006F181 /* WeatherError.swift in Sources */,
				F92260D123E81FAF0006F181 /* AppDelegate.swift in Sources */,
				F92260E523E822B50006F181 /* CurrentWeather.swift in Sources */,
				F92260E923E839600006F181 /* Location.swift in Sources */,
				F92260D323E81FAF0006F181 /* SceneDelegate.swift in Sources */,
			);
			runOnlyForDeploymentPostprocessing = 0;
		};
/* End PBXSourcesBuildPhase section */

/* Begin PBXVariantGroup section */
		F92260D623E81FAF0006F181 /* Main.storyboard */ = {
			isa = PBXVariantGroup;
			children = (
				F92260D723E81FAF0006F181 /* Base */,
			);
			name = Main.storyboard;
			sourceTree = "<group>";
		};
		F92260DB23E81FB10006F181 /* LaunchScreen.storyboard */ = {
			isa = PBXVariantGroup;
			children = (
				F92260DC23E81FB10006F181 /* Base */,
			);
			name = LaunchScreen.storyboard;
			sourceTree = "<group>";
		};
/* End PBXVariantGroup section */

/* Begin XCBuildConfiguration section */
		F92260DF23E81FB10006F181 /* Debug */ = {
			isa = XCBuildConfiguration;
			buildSettings = {
				ALWAYS_SEARCH_USER_PATHS = NO;
				CLANG_ANALYZER_NONNULL = YES;
				CLANG_ANALYZER_NUMBER_OBJECT_CONVERSION = YES_AGGRESSIVE;
				CLANG_CXX_LANGUAGE_STANDARD = "gnu++14";
				CLANG_CXX_LIBRARY = "libc++";
				CLANG_ENABLE_MODULES = YES;
				CLANG_ENABLE_OBJC_ARC = YES;
				CLANG_ENABLE_OBJC_WEAK = YES;
				CLANG_WARN_BLOCK_CAPTURE_AUTORELEASING = YES;
				CLANG_WARN_BOOL_CONVERSION = YES;
				CLANG_WARN_COMMA = YES;
				CLANG_WARN_CONSTANT_CONVERSION = YES;
				CLANG_WARN_DEPRECATED_OBJC_IMPLEMENTATIONS = YES;
				CLANG_WARN_DIRECT_OBJC_ISA_USAGE = YES_ERROR;
				CLANG_WARN_DOCUMENTATION_COMMENTS = YES;
				CLANG_WARN_EMPTY_BODY = YES;
				CLANG_WARN_ENUM_CONVERSION = YES;
				CLANG_WARN_INFINITE_RECURSION = YES;
				CLANG_WARN_INT_CONVERSION = YES;
				CLANG_WARN_NON_LITERAL_NULL_CONVERSION = YES;
				CLANG_WARN_OBJC_IMPLICIT_RETAIN_SELF = YES;
				CLANG_WARN_OBJC_LITERAL_CONVERSION = YES;
				CLANG_WARN_OBJC_ROOT_CLASS = YES_ERROR;
				CLANG_WARN_RANGE_LOOP_ANALYSIS = YES;
				CLANG_WARN_STRICT_PROTOTYPES = YES;
				CLANG_WARN_SUSPICIOUS_MOVE = YES;
				CLANG_WARN_UNGUARDED_AVAILABILITY = YES_AGGRESSIVE;
				CLANG_WARN_UNREACHABLE_CODE = YES;
				CLANG_WARN__DUPLICATE_METHOD_MATCH = YES;
				COPY_PHASE_STRIP = NO;
				DEBUG_INFORMATION_FORMAT = dwarf;
				ENABLE_STRICT_OBJC_MSGSEND = YES;
				ENABLE_TESTABILITY = YES;
				GCC_C_LANGUAGE_STANDARD = gnu11;
				GCC_DYNAMIC_NO_PIC = NO;
				GCC_NO_COMMON_BLOCKS = YES;
				GCC_OPTIMIZATION_LEVEL = 0;
				GCC_PREPROCESSOR_DEFINITIONS = (
					"DEBUG=1",
					"$(inherited)",
				);
				GCC_WARN_64_TO_32_BIT_CONVERSION = YES;
				GCC_WARN_ABOUT_RETURN_TYPE = YES_ERROR;
				GCC_WARN_UNDECLARED_SELECTOR = YES;
				GCC_WARN_UNINITIALIZED_AUTOS = YES_AGGRESSIVE;
				GCC_WARN_UNUSED_FUNCTION = YES;
				GCC_WARN_UNUSED_VARIABLE = YES;
				IPHONEOS_DEPLOYMENT_TARGET = 13.2;
				MTL_ENABLE_DEBUG_INFO = INCLUDE_SOURCE;
				MTL_FAST_MATH = YES;
				ONLY_ACTIVE_ARCH = YES;
				SDKROOT = iphoneos;
				SWIFT_ACTIVE_COMPILATION_CONDITIONS = DEBUG;
				SWIFT_OPTIMIZATION_LEVEL = "-Onone";
			};
			name = Debug;
		};
		F92260E023E81FB10006F181 /* Release */ = {
			isa = XCBuildConfiguration;
			buildSettings = {
				ALWAYS_SEARCH_USER_PATHS = NO;
				CLANG_ANALYZER_NONNULL = YES;
				CLANG_ANALYZER_NUMBER_OBJECT_CONVERSION = YES_AGGRESSIVE;
				CLANG_CXX_LANGUAGE_STANDARD = "gnu++14";
				CLANG_CXX_LIBRARY = "libc++";
				CLANG_ENABLE_MODULES = YES;
				CLANG_ENABLE_OBJC_ARC = YES;
				CLANG_ENABLE_OBJC_WEAK = YES;
				CLANG_WARN_BLOCK_CAPTURE_AUTORELEASING = YES;
				CLANG_WARN_BOOL_CONVERSION = YES;
				CLANG_WARN_COMMA = YES;
				CLANG_WARN_CONSTANT_CONVERSION = YES;
				CLANG_WARN_DEPRECATED_OBJC_IMPLEMENTATIONS = YES;
				CLANG_WARN_DIRECT_OBJC_ISA_USAGE = YES_ERROR;
				CLANG_WARN_DOCUMENTATION_COMMENTS = YES;
				CLANG_WARN_EMPTY_BODY = YES;
				CLANG_WARN_ENUM_CONVERSION = YES;
				CLANG_WARN_INFINITE_RECURSION = YES;
				CLANG_WARN_INT_CONVERSION = YES;
				CLANG_WARN_NON_LITERAL_NULL_CONVERSION = YES;
				CLANG_WARN_OBJC_IMPLICIT_RETAIN_SELF = YES;
				CLANG_WARN_OBJC_LITERAL_CONVERSION = YES;
				CLANG_WARN_OBJC_ROOT_CLASS = YES_ERROR;
				CLANG_WARN_RANGE_LOOP_ANALYSIS = YES;
				CLANG_WARN_STRICT_PROTOTYPES = YES;
				CLANG_WARN_SUSPICIOUS_MOVE = YES;
				CLANG_WARN_UNGUARDED_AVAILABILITY = YES_AGGRESSIVE;
				CLANG_WARN_UNREACHABLE_CODE = YES;
				CLANG_WARN__DUPLICATE_METHOD_MATCH = YES;
				COPY_PHASE_STRIP = NO;
				DEBUG_INFORMATION_FORMAT = "dwarf-with-dsym";
				ENABLE_NS_ASSERTIONS = NO;
				ENABLE_STRICT_OBJC_MSGSEND = YES;
				GCC_C_LANGUAGE_STANDARD = gnu11;
				GCC_NO_COMMON_BLOCKS = YES;
				GCC_WARN_64_TO_32_BIT_CONVERSION = YES;
				GCC_WARN_ABOUT_RETURN_TYPE = YES_ERROR;
				GCC_WARN_UNDECLARED_SELECTOR = YES;
				GCC_WARN_UNINITIALIZED_AUTOS = YES_AGGRESSIVE;
				GCC_WARN_UNUSED_FUNCTION = YES;
				GCC_WARN_UNUSED_VARIABLE = YES;
				IPHONEOS_DEPLOYMENT_TARGET = 13.2;
				MTL_ENABLE_DEBUG_INFO = NO;
				MTL_FAST_MATH = YES;
				SDKROOT = iphoneos;
				SWIFT_COMPILATION_MODE = wholemodule;
				SWIFT_OPTIMIZATION_LEVEL = "-O";
				VALIDATE_PRODUCT = YES;
			};
			name = Release;
		};
		F92260E223E81FB10006F181 /* Debug */ = {
			isa = XCBuildConfiguration;
			buildSettings = {
				ASSETCATALOG_COMPILER_APPICON_NAME = AppIcon;
				CODE_SIGN_STYLE = Automatic;
				INFOPLIST_FILE = WeatherApp/Info.plist;
				LD_RUNPATH_SEARCH_PATHS = (
					"$(inherited)",
					"@executable_path/Frameworks",
				);
				PRODUCT_BUNDLE_IDENTIFIER = com.att.WeatherApp;
				PRODUCT_NAME = "$(TARGET_NAME)";
				SWIFT_VERSION = 5.0;
				TARGETED_DEVICE_FAMILY = 1;
			};
			name = Debug;
		};
		F92260E323E81FB10006F181 /* Release */ = {
			isa = XCBuildConfiguration;
			buildSettings = {
				ASSETCATALOG_COMPILER_APPICON_NAME = AppIcon;
				CODE_SIGN_STYLE = Automatic;
				INFOPLIST_FILE = WeatherApp/Info.plist;
				LD_RUNPATH_SEARCH_PATHS = (
					"$(inherited)",
					"@executable_path/Frameworks",
				);
				PRODUCT_BUNDLE_IDENTIFIER = com.att.WeatherApp;
				PRODUCT_NAME = "$(TARGET_NAME)";
				SWIFT_VERSION = 5.0;
				TARGETED_DEVICE_FAMILY = 1;
			};
			name = Release;
		};
/* End XCBuildConfiguration section */

/* Begin XCConfigurationList section */
		F92260C823E81FAF0006F181 /* Build configuration list for PBXProject "WeatherApp" */ = {
			isa = XCConfigurationList;
			buildConfigurations = (
				F92260DF23E81FB10006F181 /* Debug */,
				F92260E023E81FB10006F181 /* Release */,
			);
			defaultConfigurationIsVisible = 0;
			defaultConfigurationName = Release;
		};
		F92260E123E81FB10006F181 /* Build configuration list for PBXNativeTarget "WeatherApp" */ = {
			isa = XCConfigurationList;
			buildConfigurations = (
				F92260E223E81FB10006F181 /* Debug */,
				F92260E323E81FB10006F181 /* Release */,
			);
			defaultConfigurationIsVisible = 0;
			defaultConfigurationName = Release;
		};
/* End XCConfigurationList section */
	};
	rootObject = F92260C523E81FAF0006F181 /* Project object */;
}
